// !$*UTF8*$!
{
	archiveVersion = 1;
	classes = {
	};
	objectVersion = 50;
	objects = {

/* Begin PBXBuildFile section */
		24AF73812184171D00A65404 /* AppDelegate.swift in Sources */ = {isa = PBXBuildFile; fileRef = 24AF73802184171D00A65404 /* AppDelegate.swift */; };
		24AF73832184171D00A65404 /* ViewController.swift in Sources */ = {isa = PBXBuildFile; fileRef = 24AF73822184171D00A65404 /* ViewController.swift */; };
		24AF73862184171D00A65404 /* Main.storyboard in Resources */ = {isa = PBXBuildFile; fileRef = 24AF73842184171D00A65404 /* Main.storyboard */; };
		24AF73882184171E00A65404 /* Assets.xcassets in Resources */ = {isa = PBXBuildFile; fileRef = 24AF73872184171E00A65404 /* Assets.xcassets */; };
		24AF738B2184171E00A65404 /* LaunchScreen.storyboard in Resources */ = {isa = PBXBuildFile; fileRef = 24AF73892184171E00A65404 /* LaunchScreen.storyboard */; };
		24AF73962184171E00A65404 /* conpassTests.swift in Sources */ = {isa = PBXBuildFile; fileRef = 24AF73952184171E00A65404 /* conpassTests.swift */; };
		24AF73A12184171F00A65404 /* conpassUITests.swift in Sources */ = {isa = PBXBuildFile; fileRef = 24AF73A02184171F00A65404 /* conpassUITests.swift */; };
		489C3298A3F58BF7FAFE9C49 /* Pods_conpassUITests.framework in Frameworks */ = {isa = PBXBuildFile; fileRef = BD5FF138633042C7059BB1FB /* Pods_conpassUITests.framework */; };
		560F7250C2786CCB8863F0B7 /* Pods_conpassTests.framework in Frameworks */ = {isa = PBXBuildFile; fileRef = 4C454365C9AF434EE3B947D9 /* Pods_conpassTests.framework */; };
		8EA8C98D64B7C7DFAD6614EC /* Pods_conpass.framework in Frameworks */ = {isa = PBXBuildFile; fileRef = 60341DC44699CDF4C78D450E /* Pods_conpass.framework */; };
/* End PBXBuildFile section */

/* Begin PBXContainerItemProxy section */
		24AF73922184171E00A65404 /* PBXContainerItemProxy */ = {
			isa = PBXContainerItemProxy;
			containerPortal = 24AF73752184171D00A65404 /* Project object */;
			proxyType = 1;
			remoteGlobalIDString = 24AF737C2184171D00A65404;
			remoteInfo = conpass;
		};
		24AF739D2184171F00A65404 /* PBXContainerItemProxy */ = {
			isa = PBXContainerItemProxy;
			containerPortal = 24AF73752184171D00A65404 /* Project object */;
			proxyType = 1;
			remoteGlobalIDString = 24AF737C2184171D00A65404;
			remoteInfo = conpass;
		};
/* End PBXContainerItemProxy section */

/* Begin PBXFileReference section */
		14A1596FB558D3AA3F988A64 /* Pods-conpass.release.xcconfig */ = {isa = PBXFileReference; includeInIndex = 1; lastKnownFileType = text.xcconfig; name = "Pods-conpass.release.xcconfig"; path = "Pods/Target Support Files/Pods-conpass/Pods-conpass.release.xcconfig"; sourceTree = "<group>"; };
		24AF737D2184171D00A65404 /* conpass.app */ = {isa = PBXFileReference; explicitFileType = wrapper.application; includeInIndex = 0; path = conpass.app; sourceTree = BUILT_PRODUCTS_DIR; };
		24AF73802184171D00A65404 /* AppDelegate.swift */ = {isa = PBXFileReference; lastKnownFileType = sourcecode.swift; path = AppDelegate.swift; sourceTree = "<group>"; };
		24AF73822184171D00A65404 /* ViewController.swift */ = {isa = PBXFileReference; lastKnownFileType = sourcecode.swift; path = ViewController.swift; sourceTree = "<group>"; };
		24AF73852184171D00A65404 /* Base */ = {isa = PBXFileReference; lastKnownFileType = file.storyboard; name = Base; path = Base.lproj/Main.storyboard; sourceTree = "<group>"; };
		24AF73872184171E00A65404 /* Assets.xcassets */ = {isa = PBXFileReference; lastKnownFileType = folder.assetcatalog; path = Assets.xcassets; sourceTree = "<group>"; };
		24AF738A2184171E00A65404 /* Base */ = {isa = PBXFileReference; lastKnownFileType = file.storyboard; name = Base; path = Base.lproj/LaunchScreen.storyboard; sourceTree = "<group>"; };
		24AF738C2184171E00A65404 /* Info.plist */ = {isa = PBXFileReference; lastKnownFileType = text.plist.xml; path = Info.plist; sourceTree = "<group>"; };
		24AF73912184171E00A65404 /* conpassTests.xctest */ = {isa = PBXFileReference; explicitFileType = wrapper.cfbundle; includeInIndex = 0; path = conpassTests.xctest; sourceTree = BUILT_PRODUCTS_DIR; };
		24AF73952184171E00A65404 /* conpassTests.swift */ = {isa = PBXFileReference; lastKnownFileType = sourcecode.swift; path = conpassTests.swift; sourceTree = "<group>"; };
		24AF73972184171F00A65404 /* Info.plist */ = {isa = PBXFileReference; lastKnownFileType = text.plist.xml; path = Info.plist; sourceTree = "<group>"; };
		24AF739C2184171F00A65404 /* conpassUITests.xctest */ = {isa = PBXFileReference; explicitFileType = wrapper.cfbundle; includeInIndex = 0; path = conpassUITests.xctest; sourceTree = BUILT_PRODUCTS_DIR; };
		24AF73A02184171F00A65404 /* conpassUITests.swift */ = {isa = PBXFileReference; lastKnownFileType = sourcecode.swift; path = conpassUITests.swift; sourceTree = "<group>"; };
		24AF73A22184171F00A65404 /* Info.plist */ = {isa = PBXFileReference; lastKnownFileType = text.plist.xml; path = Info.plist; sourceTree = "<group>"; };
		381E1D1C4D39EA26F99C7E30 /* Pods-conpassUITests.debug.xcconfig */ = {isa = PBXFileReference; includeInIndex = 1; lastKnownFileType = text.xcconfig; name = "Pods-conpassUITests.debug.xcconfig"; path = "Pods/Target Support Files/Pods-conpassUITests/Pods-conpassUITests.debug.xcconfig"; sourceTree = "<group>"; };
		40C89692485090017E1040FA /* Pods-conpassTests.release.xcconfig */ = {isa = PBXFileReference; includeInIndex = 1; lastKnownFileType = text.xcconfig; name = "Pods-conpassTests.release.xcconfig"; path = "Pods/Target Support Files/Pods-conpassTests/Pods-conpassTests.release.xcconfig"; sourceTree = "<group>"; };
		4C454365C9AF434EE3B947D9 /* Pods_conpassTests.framework */ = {isa = PBXFileReference; explicitFileType = wrapper.framework; includeInIndex = 0; path = Pods_conpassTests.framework; sourceTree = BUILT_PRODUCTS_DIR; };
		60341DC44699CDF4C78D450E /* Pods_conpass.framework */ = {isa = PBXFileReference; explicitFileType = wrapper.framework; includeInIndex = 0; path = Pods_conpass.framework; sourceTree = BUILT_PRODUCTS_DIR; };
		9123CD2897199165B9487480 /* Pods-conpass.debug.xcconfig */ = {isa = PBXFileReference; includeInIndex = 1; lastKnownFileType = text.xcconfig; name = "Pods-conpass.debug.xcconfig"; path = "Pods/Target Support Files/Pods-conpass/Pods-conpass.debug.xcconfig"; sourceTree = "<group>"; };
		BD5FF138633042C7059BB1FB /* Pods_conpassUITests.framework */ = {isa = PBXFileReference; explicitFileType = wrapper.framework; includeInIndex = 0; path = Pods_conpassUITests.framework; sourceTree = BUILT_PRODUCTS_DIR; };
		EC89DDBE9999557A540B8E97 /* Pods-conpassUITests.release.xcconfig */ = {isa = PBXFileReference; includeInIndex = 1; lastKnownFileType = text.xcconfig; name = "Pods-conpassUITests.release.xcconfig"; path = "Pods/Target Support Files/Pods-conpassUITests/Pods-conpassUITests.release.xcconfig"; sourceTree = "<group>"; };
		F229CF055CBA8DD346353008 /* Pods-conpassTests.debug.xcconfig */ = {isa = PBXFileReference; includeInIndex = 1; lastKnownFileType = text.xcconfig; name = "Pods-conpassTests.debug.xcconfig"; path = "Pods/Target Support Files/Pods-conpassTests/Pods-conpassTests.debug.xcconfig"; sourceTree = "<group>"; };
/* End PBXFileReference section */

/* Begin PBXFrameworksBuildPhase section */
		24AF737A2184171D00A65404 /* Frameworks */ = {
			isa = PBXFrameworksBuildPhase;
			buildActionMask = 2147483647;
			files = (
				8EA8C98D64B7C7DFAD6614EC /* Pods_conpass.framework in Frameworks */,
			);
			runOnlyForDeploymentPostprocessing = 0;
		};
		24AF738E2184171E00A65404 /* Frameworks */ = {
			isa = PBXFrameworksBuildPhase;
			buildActionMask = 2147483647;
			files = (
				560F7250C2786CCB8863F0B7 /* Pods_conpassTests.framework in Frameworks */,
			);
			runOnlyForDeploymentPostprocessing = 0;
		};
		24AF73992184171F00A65404 /* Frameworks */ = {
			isa = PBXFrameworksBuildPhase;
			buildActionMask = 2147483647;
			files = (
				489C3298A3F58BF7FAFE9C49 /* Pods_conpassUITests.framework in Frameworks */,
			);
			runOnlyForDeploymentPostprocessing = 0;
		};
/* End PBXFrameworksBuildPhase section */

/* Begin PBXGroup section */
		24AF73742184171D00A65404 = {
			isa = PBXGroup;
			children = (
				24AF737F2184171D00A65404 /* conpass */,
				24AF73942184171E00A65404 /* conpassTests */,
				24AF739F2184171F00A65404 /* conpassUITests */,
				24AF737E2184171D00A65404 /* Products */,
				FC496518C5FF140594A7E8EE /* Pods */,
				3A493028FD41F215577CA749 /* Frameworks */,
			);
			sourceTree = "<group>";
		};
		24AF737E2184171D00A65404 /* Products */ = {
			isa = PBXGroup;
			children = (
				24AF737D2184171D00A65404 /* conpass.app */,
				24AF73912184171E00A65404 /* conpassTests.xctest */,
				24AF739C2184171F00A65404 /* conpassUITests.xctest */,
			);
			name = Products;
			sourceTree = "<group>";
		};
		24AF737F2184171D00A65404 /* conpass */ = {
			isa = PBXGroup;
			children = (
				24AF73802184171D00A65404 /* AppDelegate.swift */,
				24AF73822184171D00A65404 /* ViewController.swift */,
				24AF73842184171D00A65404 /* Main.storyboard */,
				24AF73872184171E00A65404 /* Assets.xcassets */,
				24AF73892184171E00A65404 /* LaunchScreen.storyboard */,
				24AF738C2184171E00A65404 /* Info.plist */,
			);
			path = conpass;
			sourceTree = "<group>";
		};
		24AF73942184171E00A65404 /* conpassTests */ = {
			isa = PBXGroup;
			children = (
				24AF73952184171E00A65404 /* conpassTests.swift */,
				24AF73972184171F00A65404 /* Info.plist */,
			);
			path = conpassTests;
			sourceTree = "<group>";
		};
		24AF739F2184171F00A65404 /* conpassUITests */ = {
			isa = PBXGroup;
			children = (
				24AF73A02184171F00A65404 /* conpassUITests.swift */,
				24AF73A22184171F00A65404 /* Info.plist */,
			);
			path = conpassUITests;
			sourceTree = "<group>";
		};
		3A493028FD41F215577CA749 /* Frameworks */ = {
			isa = PBXGroup;
			children = (
				60341DC44699CDF4C78D450E /* Pods_conpass.framework */,
				4C454365C9AF434EE3B947D9 /* Pods_conpassTests.framework */,
				BD5FF138633042C7059BB1FB /* Pods_conpassUITests.framework */,
			);
			name = Frameworks;
			sourceTree = "<group>";
		};
		FC496518C5FF140594A7E8EE /* Pods */ = {
			isa = PBXGroup;
			children = (
				9123CD2897199165B9487480 /* Pods-conpass.debug.xcconfig */,
				14A1596FB558D3AA3F988A64 /* Pods-conpass.release.xcconfig */,
				F229CF055CBA8DD346353008 /* Pods-conpassTests.debug.xcconfig */,
				40C89692485090017E1040FA /* Pods-conpassTests.release.xcconfig */,
				381E1D1C4D39EA26F99C7E30 /* Pods-conpassUITests.debug.xcconfig */,
				EC89DDBE9999557A540B8E97 /* Pods-conpassUITests.release.xcconfig */,
			);
			name = Pods;
			sourceTree = "<group>";
		};
/* End PBXGroup section */

/* Begin PBXNativeTarget section */
		24AF737C2184171D00A65404 /* conpass */ = {
			isa = PBXNativeTarget;
			buildConfigurationList = 24AF73A52184171F00A65404 /* Build configuration list for PBXNativeTarget "conpass" */;
			buildPhases = (
				01C9A9A1A01FBF5498F3A203 /* [CP] Check Pods Manifest.lock */,
				24AF73792184171D00A65404 /* Sources */,
				24AF737A2184171D00A65404 /* Frameworks */,
				24AF737B2184171D00A65404 /* Resources */,
				9BA521F22115849766D8416A /* [CP] Embed Pods Frameworks */,
			);
			buildRules = (
			);
			dependencies = (
			);
			name = conpass;
			productName = conpass;
			productReference = 24AF737D2184171D00A65404 /* conpass.app */;
			productType = "com.apple.product-type.application";
		};
		24AF73902184171E00A65404 /* conpassTests */ = {
			isa = PBXNativeTarget;
			buildConfigurationList = 24AF73A82184171F00A65404 /* Build configuration list for PBXNativeTarget "conpassTests" */;
			buildPhases = (
				82F348A594F5EC955E2E4046 /* [CP] Check Pods Manifest.lock */,
				24AF738D2184171E00A65404 /* Sources */,
				24AF738E2184171E00A65404 /* Frameworks */,
				24AF738F2184171E00A65404 /* Resources */,
			);
			buildRules = (
			);
			dependencies = (
				24AF73932184171E00A65404 /* PBXTargetDependency */,
			);
			name = conpassTests;
			productName = conpassTests;
			productReference = 24AF73912184171E00A65404 /* conpassTests.xctest */;
			productType = "com.apple.product-type.bundle.unit-test";
		};
		24AF739B2184171F00A65404 /* conpassUITests */ = {
			isa = PBXNativeTarget;
			buildConfigurationList = 24AF73AB2184171F00A65404 /* Build configuration list for PBXNativeTarget "conpassUITests" */;
			buildPhases = (
				4925A735871C101EA83DBF9C /* [CP] Check Pods Manifest.lock */,
				24AF73982184171F00A65404 /* Sources */,
				24AF73992184171F00A65404 /* Frameworks */,
				24AF739A2184171F00A65404 /* Resources */,
			);
			buildRules = (
			);
			dependencies = (
				24AF739E2184171F00A65404 /* PBXTargetDependency */,
			);
			name = conpassUITests;
			productName = conpassUITests;
			productReference = 24AF739C2184171F00A65404 /* conpassUITests.xctest */;
			productType = "com.apple.product-type.bundle.ui-testing";
		};
/* End PBXNativeTarget section */

/* Begin PBXProject section */
		24AF73752184171D00A65404 /* Project object */ = {
			isa = PBXProject;
			attributes = {
				LastSwiftUpdateCheck = 1000;
				LastUpgradeCheck = 1000;
				ORGANIZATIONNAME = shiroma_daisuke;
				TargetAttributes = {
					24AF737C2184171D00A65404 = {
						CreatedOnToolsVersion = 10.0;
					};
					24AF73902184171E00A65404 = {
						CreatedOnToolsVersion = 10.0;
						TestTargetID = 24AF737C2184171D00A65404;
					};
					24AF739B2184171F00A65404 = {
						CreatedOnToolsVersion = 10.0;
						TestTargetID = 24AF737C2184171D00A65404;
					};
				};
			};
			buildConfigurationList = 24AF73782184171D00A65404 /* Build configuration list for PBXProject "conpass" */;
			compatibilityVersion = "Xcode 9.3";
			developmentRegion = en;
			hasScannedForEncodings = 0;
			knownRegions = (
				en,
				Base,
			);
			mainGroup = 24AF73742184171D00A65404;
			productRefGroup = 24AF737E2184171D00A65404 /* Products */;
			projectDirPath = "";
			projectRoot = "";
			targets = (
				24AF737C2184171D00A65404 /* conpass */,
				24AF73902184171E00A65404 /* conpassTests */,
				24AF739B2184171F00A65404 /* conpassUITests */,
			);
		};
/* End PBXProject section */

/* Begin PBXResourcesBuildPhase section */
		24AF737B2184171D00A65404 /* Resources */ = {
			isa = PBXResourcesBuildPhase;
			buildActionMask = 2147483647;
			files = (
				24AF738B2184171E00A65404 /* LaunchScreen.storyboard in Resources */,
				24AF73882184171E00A65404 /* Assets.xcassets in Resources */,
				24AF73862184171D00A65404 /* Main.storyboard in Resources */,
			);
			runOnlyForDeploymentPostprocessing = 0;
		};
		24AF738F2184171E00A65404 /* Resources */ = {
			isa = PBXResourcesBuildPhase;
			buildActionMask = 2147483647;
			files = (
			);
			runOnlyForDeploymentPostprocessing = 0;
		};
		24AF739A2184171F00A65404 /* Resources */ = {
			isa = PBXResourcesBuildPhase;
			buildActionMask = 2147483647;
			files = (
			);
			runOnlyForDeploymentPostprocessing = 0;
		};
/* End PBXResourcesBuildPhase section */

/* Begin PBXShellScriptBuildPhase section */
		01C9A9A1A01FBF5498F3A203 /* [CP] Check Pods Manifest.lock */ = {
			isa = PBXShellScriptBuildPhase;
			buildActionMask = 2147483647;
			files = (
			);
			inputFileListPaths = (
			);
			inputPaths = (
				"${PODS_PODFILE_DIR_PATH}/Podfile.lock",
				"${PODS_ROOT}/Manifest.lock",
			);
			name = "[CP] Check Pods Manifest.lock";
			outputFileListPaths = (
			);
			outputPaths = (
				"$(DERIVED_FILE_DIR)/Pods-conpass-checkManifestLockResult.txt",
			);
			runOnlyForDeploymentPostprocessing = 0;
			shellPath = /bin/sh;
			shellScript = "diff \"${PODS_PODFILE_DIR_PATH}/Podfile.lock\" \"${PODS_ROOT}/Manifest.lock\" > /dev/null\nif [ $? != 0 ] ; then\n    # print error to STDERR\n    echo \"error: The sandbox is not in sync with the Podfile.lock. Run 'pod install' or update your CocoaPods installation.\" >&2\n    exit 1\nfi\n# This output is used by Xcode 'outputs' to avoid re-running this script phase.\necho \"SUCCESS\" > \"${SCRIPT_OUTPUT_FILE_0}\"\n";
			showEnvVarsInLog = 0;
		};
		4925A735871C101EA83DBF9C /* [CP] Check Pods Manifest.lock */ = {
			isa = PBXShellScriptBuildPhase;
			buildActionMask = 2147483647;
			files = (
			);
			inputFileListPaths = (
			);
			inputPaths = (
				"${PODS_PODFILE_DIR_PATH}/Podfile.lock",
				"${PODS_ROOT}/Manifest.lock",
			);
			name = "[CP] Check Pods Manifest.lock";
			outputFileListPaths = (
			);
			outputPaths = (
				"$(DERIVED_FILE_DIR)/Pods-conpassUITests-checkManifestLockResult.txt",
			);
			runOnlyForDeploymentPostprocessing = 0;
			shellPath = /bin/sh;
			shellScript = "diff \"${PODS_PODFILE_DIR_PATH}/Podfile.lock\" \"${PODS_ROOT}/Manifest.lock\" > /dev/null\nif [ $? != 0 ] ; then\n    # print error to STDERR\n    echo \"error: The sandbox is not in sync with the Podfile.lock. Run 'pod install' or update your CocoaPods installation.\" >&2\n    exit 1\nfi\n# This output is used by Xcode 'outputs' to avoid re-running this script phase.\necho \"SUCCESS\" > \"${SCRIPT_OUTPUT_FILE_0}\"\n";
			showEnvVarsInLog = 0;
		};
		82F348A594F5EC955E2E4046 /* [CP] Check Pods Manifest.lock */ = {
			isa = PBXShellScriptBuildPhase;
			buildActionMask = 2147483647;
			files = (
			);
			inputFileListPaths = (
			);
			inputPaths = (
				"${PODS_PODFILE_DIR_PATH}/Podfile.lock",
				"${PODS_ROOT}/Manifest.lock",
			);
			name = "[CP] Check Pods Manifest.lock";
			outputFileListPaths = (
			);
			outputPaths = (
				"$(DERIVED_FILE_DIR)/Pods-conpassTests-checkManifestLockResult.txt",
			);
			runOnlyForDeploymentPostprocessing = 0;
			shellPath = /bin/sh;
			shellScript = "diff \"${PODS_PODFILE_DIR_PATH}/Podfile.lock\" \"${PODS_ROOT}/Manifest.lock\" > /dev/null\nif [ $? != 0 ] ; then\n    # print error to STDERR\n    echo \"error: The sandbox is not in sync with the Podfile.lock. Run 'pod install' or update your CocoaPods installation.\" >&2\n    exit 1\nfi\n# This output is used by Xcode 'outputs' to avoid re-running this script phase.\necho \"SUCCESS\" > \"${SCRIPT_OUTPUT_FILE_0}\"\n";
			showEnvVarsInLog = 0;
		};
		9BA521F22115849766D8416A /* [CP] Embed Pods Frameworks */ = {
			isa = PBXShellScriptBuildPhase;
			buildActionMask = 2147483647;
			files = (
			);
			inputFileListPaths = (
			);
			inputPaths = (
				"${SRCROOT}/Pods/Target Support Files/Pods-conpass/Pods-conpass-frameworks.sh",
				"${BUILT_PRODUCTS_DIR}/RxAtomic/RxAtomic.framework",
				"${BUILT_PRODUCTS_DIR}/RxCocoa/RxCocoa.framework",
				"${BUILT_PRODUCTS_DIR}/RxSwift/RxSwift.framework",
				"${BUILT_PRODUCTS_DIR}/SnapKit/SnapKit.framework",
			);
			name = "[CP] Embed Pods Frameworks";
			outputFileListPaths = (
			);
			outputPaths = (
				"${TARGET_BUILD_DIR}/${FRAMEWORKS_FOLDER_PATH}/RxAtomic.framework",
				"${TARGET_BUILD_DIR}/${FRAMEWORKS_FOLDER_PATH}/RxCocoa.framework",
				"${TARGET_BUILD_DIR}/${FRAMEWORKS_FOLDER_PATH}/RxSwift.framework",
				"${TARGET_BUILD_DIR}/${FRAMEWORKS_FOLDER_PATH}/SnapKit.framework",
			);
			runOnlyForDeploymentPostprocessing = 0;
			shellPath = /bin/sh;
			shellScript = "\"${SRCROOT}/Pods/Target Support Files/Pods-conpass/Pods-conpass-frameworks.sh\"\n";
			showEnvVarsInLog = 0;
		};
/* End PBXShellScriptBuildPhase section */

/* Begin PBXSourcesBuildPhase section */
		24AF73792184171D00A65404 /* Sources */ = {
			isa = PBXSourcesBuildPhase;
			buildActionMask = 2147483647;
			files = (
				24AF73832184171D00A65404 /* ViewController.swift in Sources */,
				24AF73812184171D00A65404 /* AppDelegate.swift in Sources */,
			);
			runOnlyForDeploymentPostprocessing = 0;
		};
		24AF738D2184171E00A65404 /* Sources */ = {
			isa = PBXSourcesBuildPhase;
			buildActionMask = 2147483647;
			files = (
				24AF73962184171E00A65404 /* conpassTests.swift in Sources */,
			);
			runOnlyForDeploymentPostprocessing = 0;
		};
		24AF73982184171F00A65404 /* Sources */ = {
			isa = PBXSourcesBuildPhase;
			buildActionMask = 2147483647;
			files = (
				24AF73A12184171F00A65404 /* conpassUITests.swift in Sources */,
			);
			runOnlyForDeploymentPostprocessing = 0;
		};
/* End PBXSourcesBuildPhase section */

/* Begin PBXTargetDependency section */
		24AF73932184171E00A65404 /* PBXTargetDependency */ = {
			isa = PBXTargetDependency;
			target = 24AF737C2184171D00A65404 /* conpass */;
			targetProxy = 24AF73922184171E00A65404 /* PBXContainerItemProxy */;
		};
		24AF739E2184171F00A65404 /* PBXTargetDependency */ = {
			isa = PBXTargetDependency;
			target = 24AF737C2184171D00A65404 /* conpass */;
			targetProxy = 24AF739D2184171F00A65404 /* PBXContainerItemProxy */;
		};
/* End PBXTargetDependency section */

/* Begin PBXVariantGroup section */
		24AF73842184171D00A65404 /* Main.storyboard */ = {
			isa = PBXVariantGroup;
			children = (
				24AF73852184171D00A65404 /* Base */,
			);
			name = Main.storyboard;
			sourceTree = "<group>";
		};
		24AF73892184171E00A65404 /* LaunchScreen.storyboard */ = {
			isa = PBXVariantGroup;
			children = (
				24AF738A2184171E00A65404 /* Base */,
			);
			name = LaunchScreen.storyboard;
			sourceTree = "<group>";
		};
/* End PBXVariantGroup section */

/* Begin XCBuildConfiguration section */
		24AF73A32184171F00A65404 /* Debug */ = {
			isa = XCBuildConfiguration;
			buildSettings = {
				ALWAYS_SEARCH_USER_PATHS = NO;
				CLANG_ANALYZER_NONNULL = YES;
				CLANG_ANALYZER_NUMBER_OBJECT_CONVERSION = YES_AGGRESSIVE;
				CLANG_CXX_LANGUAGE_STANDARD = "gnu++14";
				CLANG_CXX_LIBRARY = "libc++";
				CLANG_ENABLE_MODULES = YES;
				CLANG_ENABLE_OBJC_ARC = YES;
				CLANG_ENABLE_OBJC_WEAK = YES;
				CLANG_WARN_BLOCK_CAPTURE_AUTORELEASING = YES;
				CLANG_WARN_BOOL_CONVERSION = YES;
				CLANG_WARN_COMMA = YES;
				CLANG_WARN_CONSTANT_CONVERSION = YES;
				CLANG_WARN_DEPRECATED_OBJC_IMPLEMENTATIONS = YES;
				CLANG_WARN_DIRECT_OBJC_ISA_USAGE = YES_ERROR;
				CLANG_WARN_DOCUMENTATION_COMMENTS = YES;
				CLANG_WARN_EMPTY_BODY = YES;
				CLANG_WARN_ENUM_CONVERSION = YES;
				CLANG_WARN_INFINITE_RECURSION = YES;
				CLANG_WARN_INT_CONVERSION = YES;
				CLANG_WARN_NON_LITERAL_NULL_CONVERSION = YES;
				CLANG_WARN_OBJC_IMPLICIT_RETAIN_SELF = YES;
				CLANG_WARN_OBJC_LITERAL_CONVERSION = YES;
				CLANG_WARN_OBJC_ROOT_CLASS = YES_ERROR;
				CLANG_WARN_RANGE_LOOP_ANALYSIS = YES;
				CLANG_WARN_STRICT_PROTOTYPES = YES;
				CLANG_WARN_SUSPICIOUS_MOVE = YES;
				CLANG_WARN_UNGUARDED_AVAILABILITY = YES_AGGRESSIVE;
				CLANG_WARN_UNREACHABLE_CODE = YES;
				CLANG_WARN__DUPLICATE_METHOD_MATCH = YES;
				CODE_SIGN_IDENTITY = "iPhone Developer";
				COPY_PHASE_STRIP = NO;
				DEBUG_INFORMATION_FORMAT = dwarf;
				ENABLE_STRICT_OBJC_MSGSEND = YES;
				ENABLE_TESTABILITY = YES;
				GCC_C_LANGUAGE_STANDARD = gnu11;
				GCC_DYNAMIC_NO_PIC = NO;
				GCC_NO_COMMON_BLOCKS = YES;
				GCC_OPTIMIZATION_LEVEL = 0;
				GCC_PREPROCESSOR_DEFINITIONS = (
					"DEBUG=1",
					"$(inherited)",
				);
				GCC_WARN_64_TO_32_BIT_CONVERSION = YES;
				GCC_WARN_ABOUT_RETURN_TYPE = YES_ERROR;
				GCC_WARN_UNDECLARED_SELECTOR = YES;
				GCC_WARN_UNINITIALIZED_AUTOS = YES_AGGRESSIVE;
				GCC_WARN_UNUSED_FUNCTION = YES;
				GCC_WARN_UNUSED_VARIABLE = YES;
				IPHONEOS_DEPLOYMENT_TARGET = 12.0;
				MTL_ENABLE_DEBUG_INFO = INCLUDE_SOURCE;
				MTL_FAST_MATH = YES;
				ONLY_ACTIVE_ARCH = YES;
				SDKROOT = iphoneos;
				SWIFT_ACTIVE_COMPILATION_CONDITIONS = DEBUG;
				SWIFT_OPTIMIZATION_LEVEL = "-Onone";
			};
			name = Debug;
		};
		24AF73A42184171F00A65404 /* Release */ = {
			isa = XCBuildConfiguration;
			buildSettings = {
				ALWAYS_SEARCH_USER_PATHS = NO;
				CLANG_ANALYZER_NONNULL = YES;
				CLANG_ANALYZER_NUMBER_OBJECT_CONVERSION = YES_AGGRESSIVE;
				CLANG_CXX_LANGUAGE_STANDARD = "gnu++14";
				CLANG_CXX_LIBRARY = "libc++";
				CLANG_ENABLE_MODULES = YES;
				CLANG_ENABLE_OBJC_ARC = YES;
				CLANG_ENABLE_OBJC_WEAK = YES;
				CLANG_WARN_BLOCK_CAPTURE_AUTORELEASING = YES;
				CLANG_WARN_BOOL_CONVERSION = YES;
				CLANG_WARN_COMMA = YES;
				CLANG_WARN_CONSTANT_CONVERSION = YES;
				CLANG_WARN_DEPRECATED_OBJC_IMPLEMENTATIONS = YES;
				CLANG_WARN_DIRECT_OBJC_ISA_USAGE = YES_ERROR;
				CLANG_WARN_DOCUMENTATION_COMMENTS = YES;
				CLANG_WARN_EMPTY_BODY = YES;
				CLANG_WARN_ENUM_CONVERSION = YES;
				CLANG_WARN_INFINITE_RECURSION = YES;
				CLANG_WARN_INT_CONVERSION = YES;
				CLANG_WARN_NON_LITERAL_NULL_CONVERSION = YES;
				CLANG_WARN_OBJC_IMPLICIT_RETAIN_SELF = YES;
				CLANG_WARN_OBJC_LITERAL_CONVERSION = YES;
				CLANG_WARN_OBJC_ROOT_CLASS = YES_ERROR;
				CLANG_WARN_RANGE_LOOP_ANALYSIS = YES;
				CLANG_WARN_STRICT_PROTOTYPES = YES;
				CLANG_WARN_SUSPICIOUS_MOVE = YES;
				CLANG_WARN_UNGUARDED_AVAILABILITY = YES_AGGRESSIVE;
				CLANG_WARN_UNREACHABLE_CODE = YES;
				CLANG_WARN__DUPLICATE_METHOD_MATCH = YES;
				CODE_SIGN_IDENTITY = "iPhone Developer";
				COPY_PHASE_STRIP = NO;
				DEBUG_INFORMATION_FORMAT = "dwarf-with-dsym";
				ENABLE_NS_ASSERTIONS = NO;
				ENABLE_STRICT_OBJC_MSGSEND = YES;
				GCC_C_LANGUAGE_STANDARD = gnu11;
				GCC_NO_COMMON_BLOCKS = YES;
				GCC_WARN_64_TO_32_BIT_CONVERSION = YES;
				GCC_WARN_ABOUT_RETURN_TYPE = YES_ERROR;
				GCC_WARN_UNDECLARED_SELECTOR = YES;
				GCC_WARN_UNINITIALIZED_AUTOS = YES_AGGRESSIVE;
				GCC_WARN_UNUSED_FUNCTION = YES;
				GCC_WARN_UNUSED_VARIABLE = YES;
				IPHONEOS_DEPLOYMENT_TARGET = 12.0;
				MTL_ENABLE_DEBUG_INFO = NO;
				MTL_FAST_MATH = YES;
				SDKROOT = iphoneos;
				SWIFT_COMPILATION_MODE = wholemodule;
				SWIFT_OPTIMIZATION_LEVEL = "-O";
				VALIDATE_PRODUCT = YES;
			};
			name = Release;
		};
		24AF73A62184171F00A65404 /* Debug */ = {
			isa = XCBuildConfiguration;
			baseConfigurationReference = 9123CD2897199165B9487480 /* Pods-conpass.debug.xcconfig */;
			buildSettings = {
				ASSETCATALOG_COMPILER_APPICON_NAME = AppIcon;
				CODE_SIGN_STYLE = Automatic;
				INFOPLIST_FILE = conpass/Info.plist;
				LD_RUNPATH_SEARCH_PATHS = (
					"$(inherited)",
					"@executable_path/Frameworks",
				);
				MTL_ENABLE_DEBUG_INFO = "-DDEBUG";
				PRODUCT_BUNDLE_IDENTIFIER = shiroma.conpass;
				PRODUCT_NAME = "$(TARGET_NAME)";
				SWIFT_VERSION = 4.2;
				TARGETED_DEVICE_FAMILY = "1,2";
			};
			name = Debug;
		};
		24AF73A72184171F00A65404 /* Release */ = {
			isa = XCBuildConfiguration;
			baseConfigurationReference = 14A1596FB558D3AA3F988A64 /* Pods-conpass.release.xcconfig */;
			buildSettings = {
				ASSETCATALOG_COMPILER_APPICON_NAME = AppIcon;
				CODE_SIGN_STYLE = Automatic;
				INFOPLIST_FILE = conpass/Info.plist;
				LD_RUNPATH_SEARCH_PATHS = (
					"$(inherited)",
					"@executable_path/Frameworks",
				);
				PRODUCT_BUNDLE_IDENTIFIER = shiroma.conpass;
				PRODUCT_NAME = "$(TARGET_NAME)";
				SWIFT_VERSION = 4.2;
				TARGETED_DEVICE_FAMILY = "1,2";
			};
			name = Release;
		};
		24AF73A92184171F00A65404 /* Debug */ = {
			isa = XCBuildConfiguration;
			baseConfigurationReference = F229CF055CBA8DD346353008 /* Pods-conpassTests.debug.xcconfig */;
			buildSettings = {
				ALWAYS_EMBED_SWIFT_STANDARD_LIBRARIES = YES;
				BUNDLE_LOADER = "$(TEST_HOST)";
				CODE_SIGN_STYLE = Automatic;
				INFOPLIST_FILE = conpassTests/Info.plist;
				LD_RUNPATH_SEARCH_PATHS = (
					"$(inherited)",
					"@executable_path/Frameworks",
					"@loader_path/Frameworks",
				);
				PRODUCT_BUNDLE_IDENTIFIER = shiroma.conpassTests;
				PRODUCT_NAME = "$(TARGET_NAME)";
				SWIFT_VERSION = 4.2;
				TARGETED_DEVICE_FAMILY = "1,2";
				TEST_HOST = "$(BUILT_PRODUCTS_DIR)/conpass.app/conpass";
			};
			name = Debug;
		};
		24AF73AA2184171F00A65404 /* Release */ = {
			isa = XCBuildConfiguration;
			baseConfigurationReference = 40C89692485090017E1040FA /* Pods-conpassTests.release.xcconfig */;
			buildSettings = {
				ALWAYS_EMBED_SWIFT_STANDARD_LIBRARIES = YES;
				BUNDLE_LOADER = "$(TEST_HOST)";
				CODE_SIGN_STYLE = Automatic;
				INFOPLIST_FILE = conpassTests/Info.plist;
				LD_RUNPATH_SEARCH_PATHS = (
					"$(inherited)",
					"@executable_path/Frameworks",
					"@loader_path/Frameworks",
				);
				PRODUCT_BUNDLE_IDENTIFIER = shiroma.conpassTests;
				PRODUCT_NAME = "$(TARGET_NAME)";
				SWIFT_VERSION = 4.2;
				TARGETED_DEVICE_FAMILY = "1,2";
				TEST_HOST = "$(BUILT_PRODUCTS_DIR)/conpass.app/conpass";
			};
			name = Release;
		};
		24AF73AC2184171F00A65404 /* Debug */ = {
			isa = XCBuildConfiguration;
			baseConfigurationReference = 381E1D1C4D39EA26F99C7E30 /* Pods-conpassUITests.debug.xcconfig */;
			buildSettings = {
				ALWAYS_EMBED_SWIFT_STANDARD_LIBRARIES = YES;
				CODE_SIGN_STYLE = Automatic;
				INFOPLIST_FILE = conpassUITests/Info.plist;
				LD_RUNPATH_SEARCH_PATHS = (
					"$(inherited)",
					"@executable_path/Frameworks",
					"@loader_path/Frameworks",
				);
				PRODUCT_BUNDLE_IDENTIFIER = shiroma.conpassUITests;
				PRODUCT_NAME = "$(TARGET_NAME)";
				SWIFT_VERSION = 4.2;
				TARGETED_DEVICE_FAMILY = "1,2";
				TEST_TARGET_NAME = conpass;
			};
			name = Debug;
		};
		24AF73AD2184171F00A65404 /* Release */ = {
			isa = XCBuildConfiguration;
			baseConfigurationReference = EC89DDBE9999557A540B8E97 /* Pods-conpassUITests.release.xcconfig */;
			buildSettings = {
				ALWAYS_EMBED_SWIFT_STANDARD_LIBRARIES = YES;
				CODE_SIGN_STYLE = Automatic;
				INFOPLIST_FILE = conpassUITests/Info.plist;
				LD_RUNPATH_SEARCH_PATHS = (
					"$(inherited)",
					"@executable_path/Frameworks",
					"@loader_path/Frameworks",
				);
				PRODUCT_BUNDLE_IDENTIFIER = shiroma.conpassUITests;
				PRODUCT_NAME = "$(TARGET_NAME)";
				SWIFT_VERSION = 4.2;
				TARGETED_DEVICE_FAMILY = "1,2";
				TEST_TARGET_NAME = conpass;
			};
			name = Release;
		};
/* End XCBuildConfiguration section */

/* Begin XCConfigurationList section */
		24AF73782184171D00A65404 /* Build configuration list for PBXProject "conpass" */ = {
			isa = XCConfigurationList;
			buildConfigurations = (
				24AF73A32184171F00A65404 /* Debug */,
				24AF73A42184171F00A65404 /* Release */,
			);
			defaultConfigurationIsVisible = 0;
			defaultConfigurationName = Release;
		};
		24AF73A52184171F00A65404 /* Build configuration list for PBXNativeTarget "conpass" */ = {
			isa = XCConfigurationList;
			buildConfigurations = (
				24AF73A62184171F00A65404 /* Debug */,
				24AF73A72184171F00A65404 /* Release */,
			);
			defaultConfigurationIsVisible = 0;
			defaultConfigurationName = Release;
		};
		24AF73A82184171F00A65404 /* Build configuration list for PBXNativeTarget "conpassTests" */ = {
			isa = XCConfigurationList;
			buildConfigurations = (
				24AF73A92184171F00A65404 /* Debug */,
				24AF73AA2184171F00A65404 /* Release */,
			);
			defaultConfigurationIsVisible = 0;
			defaultConfigurationName = Release;
		};
		24AF73AB2184171F00A65404 /* Build configuration list for PBXNativeTarget "conpassUITests" */ = {
			isa = XCConfigurationList;
			buildConfigurations = (
				24AF73AC2184171F00A65404 /* Debug */,
				24AF73AD2184171F00A65404 /* Release */,
			);
			defaultConfigurationIsVisible = 0;
			defaultConfigurationName = Release;
		};
/* End XCConfigurationList section */
	};
	rootObject = 24AF73752184171D00A65404 /* Project object */;
}
